# This file is automatically @generated by Cargo.
# It is not intended for manual editing.
version = 4

[[package]]
name = "auth"
version = "0.1.0"

[[package]]
name = "bff-api"
version = "0.1.0"
dependencies = [
 "auth",
 "bff-core",
 "config",
 "nexus-client",
 "persistence",
]

[[package]]
name = "bff-core"
version = "0.1.0"
dependencies = [
 "nexus-client",
 "persistence",
]

[[package]]
name = "config"
version = "0.1.0"

[[package]]
name = "nexus-client"
version = "0.1.0"

[[package]]
name = "persistence"
version = "0.1.0"
